// !$*UTF8*$!
{
	archiveVersion = 1;
	classes = {
	};
	objectVersion = 46;
	objects = {

/* Begin PBXBuildFile section */
		9CFE4FCE173B50210058FBE9 /* UIKit.framework in Frameworks */ = {isa = PBXBuildFile; fileRef = 9CFE4FCD173B50210058FBE9 /* UIKit.framework */; };
		9CFE4FD0173B50210058FBE9 /* Foundation.framework in Frameworks */ = {isa = PBXBuildFile; fileRef = 9CFE4FCF173B50210058FBE9 /* Foundation.framework */; };
		9CFE4FD2173B50210058FBE9 /* CoreGraphics.framework in Frameworks */ = {isa = PBXBuildFile; fileRef = 9CFE4FD1173B50210058FBE9 /* CoreGraphics.framework */; };
		9CFE4FD8173B50210058FBE9 /* InfoPlist.strings in Resources */ = {isa = PBXBuildFile; fileRef = 9CFE4FD6173B50210058FBE9 /* InfoPlist.strings */; };
		9CFE4FDA173B50210058FBE9 /* main.m in Sources */ = {isa = PBXBuildFile; fileRef = 9CFE4FD9173B50210058FBE9 /* main.m */; };
		9CFE4FDE173B50210058FBE9 /* AppDelegate.m in Sources */ = {isa = PBXBuildFile; fileRef = 9CFE4FDD173B50210058FBE9 /* AppDelegate.m */; };
		9CFE4FE2173B50210058FBE9 /* Default@2x.png in Resources */ = {isa = PBXBuildFile; fileRef = 9CFE4FE1173B50210058FBE9 /* Default@2x.png */; };
		9CFE4FE4173B50210058FBE9 /* Default-568h@2x.png in Resources */ = {isa = PBXBuildFile; fileRef = 9CFE4FE3173B50210058FBE9 /* Default-568h@2x.png */; };
		9CFE4FE7173B50210058FBE9 /* ViewController.m in Sources */ = {isa = PBXBuildFile; fileRef = 9CFE4FE6173B50210058FBE9 /* ViewController.m */; };
		9CFE4FEA173B50210058FBE9 /* ViewController.xib in Resources */ = {isa = PBXBuildFile; fileRef = 9CFE4FE8173B50210058FBE9 /* ViewController.xib */; };
		9CFE4FF3173B503A0058FBE9 /* DetailViewController.m in Sources */ = {isa = PBXBuildFile; fileRef = 9CFE4FF1173B503A0058FBE9 /* DetailViewController.m */; };
		9CFE4FF4173B503A0058FBE9 /* DetailViewController.xib in Resources */ = {isa = PBXBuildFile; fileRef = 9CFE4FF2173B503A0058FBE9 /* DetailViewController.xib */; };
		9CFE4FF8173B504D0058FBE9 /* TableViewController.m in Sources */ = {isa = PBXBuildFile; fileRef = 9CFE4FF6173B504D0058FBE9 /* TableViewController.m */; };
		9CFE4FF9173B504D0058FBE9 /* TableViewController.xib in Resources */ = {isa = PBXBuildFile; fileRef = 9CFE4FF7173B504D0058FBE9 /* TableViewController.xib */; };
		9CFE4FFB173B6FCC0058FBE9 /* Icon.png in Resources */ = {isa = PBXBuildFile; fileRef = 9CFE4FFA173B6FCC0058FBE9 /* Icon.png */; };
		9CFE4FFD173B6FD10058FBE9 /* Icon@2x.png in Resources */ = {isa = PBXBuildFile; fileRef = 9CFE4FFC173B6FD10058FBE9 /* Icon@2x.png */; };
		9CFE5001173B949E0058FBE9 /* Default.png in Resources */ = {isa = PBXBuildFile; fileRef = 9CFE5000173B949E0058FBE9 /* Default.png */; };
		9CFE5009173C02270058FBE9 /* toolbox.png in Resources */ = {isa = PBXBuildFile; fileRef = 9CFE5008173C02270058FBE9 /* toolbox.png */; };
/* End PBXBuildFile section */

/* Begin PBXFileReference section */
		9CFE4FCA173B50210058FBE9 /* ToolBox.app */ = {isa = PBXFileReference; explicitFileType = wrapper.application; includeInIndex = 0; path = ToolBox.app; sourceTree = BUILT_PRODUCTS_DIR; };
		9CFE4FCD173B50210058FBE9 /* UIKit.framework */ = {isa = PBXFileReference; lastKnownFileType = wrapper.framework; name = UIKit.framework; path = System/Library/Frameworks/UIKit.framework; sourceTree = SDKROOT; };
		9CFE4FCF173B50210058FBE9 /* Foundation.framework */ = {isa = PBXFileReference; lastKnownFileType = wrapper.framework; name = Foundation.framework; path = System/Library/Frameworks/Foundation.framework; sourceTree = SDKROOT; };
		9CFE4FD1173B50210058FBE9 /* CoreGraphics.framework */ = {isa = PBXFileReference; lastKnownFileType = wrapper.framework; name = CoreGraphics.framework; path = System/Library/Frameworks/CoreGraphics.framework; sourceTree = SDKROOT; };
		9CFE4FD5173B50210058FBE9 /* ToolBox-Info.plist */ = {isa = PBXFileReference; lastKnownFileType = text.plist.xml; path = "ToolBox-Info.plist"; sourceTree = "<group>"; };
		9CFE4FD7173B50210058FBE9 /* en */ = {isa = PBXFileReference; lastKnownFileType = text.plist.strings; name = en; path = en.lproj/InfoPlist.strings; sourceTree = "<group>"; };
		9CFE4FD9173B50210058FBE9 /* main.m */ = {isa = PBXFileReference; lastKnownFileType = sourcecode.c.objc; path = main.m; sourceTree = "<group>"; };
		9CFE4FDB173B50210058FBE9 /* ToolBox-Prefix.pch */ = {isa = PBXFileReference; lastKnownFileType = sourcecode.c.h; path = "ToolBox-Prefix.pch"; sourceTree = "<group>"; };
		9CFE4FDC173B50210058FBE9 /* AppDelegate.h */ = {isa = PBXFileReference; lastKnownFileType = sourcecode.c.h; path = AppDelegate.h; sourceTree = "<group>"; };
		9CFE4FDD173B50210058FBE9 /* AppDelegate.m */ = {isa = PBXFileReference; lastKnownFileType = sourcecode.c.objc; path = AppDelegate.m; sourceTree = "<group>"; };
		9CFE4FE1173B50210058FBE9 /* Default@2x.png */ = {isa = PBXFileReference; lastKnownFileType = image.png; path = "Default@2x.png"; sourceTree = "<group>"; };
		9CFE4FE3173B50210058FBE9 /* Default-568h@2x.png */ = {isa = PBXFileReference; lastKnownFileType = image.png; path = "Default-568h@2x.png"; sourceTree = "<group>"; };
		9CFE4FE5173B50210058FBE9 /* ViewController.h */ = {isa = PBXFileReference; lastKnownFileType = sourcecode.c.h; path = ViewController.h; sourceTree = "<group>"; };
		9CFE4FE6173B50210058FBE9 /* ViewController.m */ = {isa = PBXFileReference; lastKnownFileType = sourcecode.c.objc; path = ViewController.m; sourceTree = "<group>"; };
		9CFE4FE9173B50210058FBE9 /* en */ = {isa = PBXFileReference; lastKnownFileType = file.xib; name = en; path = en.lproj/ViewController.xib; sourceTree = "<group>"; };
		9CFE4FF0173B503A0058FBE9 /* DetailViewController.h */ = {isa = PBXFileReference; fileEncoding = 4; lastKnownFileType = sourcecode.c.h; path = DetailViewController.h; sourceTree = "<group>"; };
		9CFE4FF1173B503A0058FBE9 /* DetailViewController.m */ = {isa = PBXFileReference; fileEncoding = 4; lastKnownFileType = sourcecode.c.objc; path = DetailViewController.m; sourceTree = "<group>"; };
		9CFE4FF2173B503A0058FBE9 /* DetailViewController.xib */ = {isa = PBXFileReference; fileEncoding = 4; lastKnownFileType = file.xib; path = DetailViewController.xib; sourceTree = "<group>"; };
		9CFE4FF5173B504D0058FBE9 /* TableViewController.h */ = {isa = PBXFileReference; fileEncoding = 4; lastKnownFileType = sourcecode.c.h; path = TableViewController.h; sourceTree = "<group>"; };
		9CFE4FF6173B504D0058FBE9 /* TableViewController.m */ = {isa = PBXFileReference; fileEncoding = 4; lastKnownFileType = sourcecode.c.objc; path = TableViewController.m; sourceTree = "<group>"; };
		9CFE4FF7173B504D0058FBE9 /* TableViewController.xib */ = {isa = PBXFileReference; fileEncoding = 4; lastKnownFileType = file.xib; path = TableViewController.xib; sourceTree = "<group>"; };
		9CFE4FFA173B6FCC0058FBE9 /* Icon.png */ = {isa = PBXFileReference; lastKnownFileType = image.png; name = Icon.png; path = ../Icon.png; sourceTree = "<group>"; };
		9CFE4FFC173B6FD10058FBE9 /* Icon@2x.png */ = {isa = PBXFileReference; lastKnownFileType = image.png; name = "Icon@2x.png"; path = "../Icon@2x.png"; sourceTree = "<group>"; };
		9CFE5000173B949E0058FBE9 /* Default.png */ = {isa = PBXFileReference; lastKnownFileType = image.png; name = Default.png; path = ../Default.png; sourceTree = "<group>"; };
		9CFE5008173C02270058FBE9 /* toolbox.png */ = {isa = PBXFileReference; lastKnownFileType = image.png; name = toolbox.png; path = ../toolbox.png; sourceTree = "<group>"; };
/* End PBXFileReference section */

/* Begin PBXFrameworksBuildPhase section */
		9CFE4FC7173B50210058FBE9 /* Frameworks */ = {
			isa = PBXFrameworksBuildPhase;
			buildActionMask = 2147483647;
			files = (
				9CFE4FCE173B50210058FBE9 /* UIKit.framework in Frameworks */,
				9CFE4FD0173B50210058FBE9 /* Foundation.framework in Frameworks */,
				9CFE4FD2173B50210058FBE9 /* CoreGraphics.framework in Frameworks */,
			);
			runOnlyForDeploymentPostprocessing = 0;
		};
/* End PBXFrameworksBuildPhase section */

/* Begin PBXGroup section */
		9CFE4FC1173B50210058FBE9 = {
			isa = PBXGroup;
			children = (
				9CFE4FD3173B50210058FBE9 /* ToolBox */,
				9CFE4FCC173B50210058FBE9 /* Frameworks */,
				9CFE4FCB173B50210058FBE9 /* Products */,
			);
			sourceTree = "<group>";
		};
		9CFE4FCB173B50210058FBE9 /* Products */ = {
			isa = PBXGroup;
			children = (
				9CFE4FCA173B50210058FBE9 /* ToolBox.app */,
			);
			name = Products;
			sourceTree = "<group>";
		};
		9CFE4FCC173B50210058FBE9 /* Frameworks */ = {
			isa = PBXGroup;
			children = (
				9CFE4FCD173B50210058FBE9 /* UIKit.framework */,
				9CFE4FCF173B50210058FBE9 /* Foundation.framework */,
				9CFE4FD1173B50210058FBE9 /* CoreGraphics.framework */,
			);
			name = Frameworks;
			sourceTree = "<group>";
		};
		9CFE4FD3173B50210058FBE9 /* ToolBox */ = {
			isa = PBXGroup;
			children = (
				9CFE4FDC173B50210058FBE9 /* AppDelegate.h */,
				9CFE4FDD173B50210058FBE9 /* AppDelegate.m */,
				9CFE4FE5173B50210058FBE9 /* ViewController.h */,
				9CFE4FE6173B50210058FBE9 /* ViewController.m */,
				9CFE4FE8173B50210058FBE9 /* ViewController.xib */,
				9CFE4FF0173B503A0058FBE9 /* DetailViewController.h */,
				9CFE4FF1173B503A0058FBE9 /* DetailViewController.m */,
				9CFE4FF2173B503A0058FBE9 /* DetailViewController.xib */,
				9CFE4FF5173B504D0058FBE9 /* TableViewController.h */,
				9CFE4FF6173B504D0058FBE9 /* TableViewController.m */,
				9CFE4FF7173B504D0058FBE9 /* TableViewController.xib */,
				9CFE4FD4173B50210058FBE9 /* Supporting Files */,
			);
			path = ToolBox;
			sourceTree = "<group>";
		};
		9CFE4FD4173B50210058FBE9 /* Supporting Files */ = {
			isa = PBXGroup;
			children = (
				9CFE5008173C02270058FBE9 /* toolbox.png */,
				9CFE4FFA173B6FCC0058FBE9 /* Icon.png */,
				9CFE4FFC173B6FD10058FBE9 /* Icon@2x.png */,
				9CFE5000173B949E0058FBE9 /* Default.png */,
				9CFE4FD5173B50210058FBE9 /* ToolBox-Info.plist */,
				9CFE4FD6173B50210058FBE9 /* InfoPlist.strings */,
				9CFE4FD9173B50210058FBE9 /* main.m */,
				9CFE4FDB173B50210058FBE9 /* ToolBox-Prefix.pch */,
				9CFE4FE1173B50210058FBE9 /* Default@2x.png */,
				9CFE4FE3173B50210058FBE9 /* Default-568h@2x.png */,
			);
			name = "Supporting Files";
			sourceTree = "<group>";
		};
/* End PBXGroup section */

/* Begin PBXNativeTarget section */
		9CFE4FC9173B50210058FBE9 /* ToolBox */ = {
			isa = PBXNativeTarget;
			buildConfigurationList = 9CFE4FED173B50210058FBE9 /* Build configuration list for PBXNativeTarget "ToolBox" */;
			buildPhases = (
				9CFE4FC6173B50210058FBE9 /* Sources */,
				9CFE4FC7173B50210058FBE9 /* Frameworks */,
				9CFE4FC8173B50210058FBE9 /* Resources */,
			);
			buildRules = (
			);
			dependencies = (
			);
			name = ToolBox;
			productName = ToolBox;
			productReference = 9CFE4FCA173B50210058FBE9 /* ToolBox.app */;
			productType = "com.apple.product-type.application";
		};
/* End PBXNativeTarget section */

/* Begin PBXProject section */
		9CFE4FC2173B50210058FBE9 /* Project object */ = {
			isa = PBXProject;
			attributes = {
				LastUpgradeCheck = 0460;
				ORGANIZATIONNAME = "Willson Ayotte (NEW)";
			};
			buildConfigurationList = 9CFE4FC5173B50210058FBE9 /* Build configuration list for PBXProject "ToolBox" */;
			compatibilityVersion = "Xcode 3.2";
			developmentRegion = English;
			hasScannedForEncodings = 0;
			knownRegions = (
				en,
			);
			mainGroup = 9CFE4FC1173B50210058FBE9;
			productRefGroup = 9CFE4FCB173B50210058FBE9 /* Products */;
			projectDirPath = "";
			projectRoot = "";
			targets = (
				9CFE4FC9173B50210058FBE9 /* ToolBox */,
			);
		};
/* End PBXProject section */

/* Begin PBXResourcesBuildPhase section */
		9CFE4FC8173B50210058FBE9 /* Resources */ = {
			isa = PBXResourcesBuildPhase;
			buildActionMask = 2147483647;
			files = (
				9CFE4FD8173B50210058FBE9 /* InfoPlist.strings in Resources */,
				9CFE4FE2173B50210058FBE9 /* Default@2x.png in Resources */,
				9CFE4FE4173B50210058FBE9 /* Default-568h@2x.png in Resources */,
				9CFE4FEA173B50210058FBE9 /* ViewController.xib in Resources */,
				9CFE4FF4173B503A0058FBE9 /* DetailViewController.xib in Resources */,
				9CFE4FF9173B504D0058FBE9 /* TableViewController.xib in Resources */,
				9CFE4FFB173B6FCC0058FBE9 /* Icon.png in Resources */,
				9CFE4FFD173B6FD10058FBE9 /* Icon@2x.png in Resources */,
				9CFE5001173B949E0058FBE9 /* Default.png in Resources */,
				9CFE5009173C02270058FBE9 /* toolbox.png in Resources */,
			);
			runOnlyForDeploymentPostprocessing = 0;
		};
/* End PBXResourcesBuildPhase section */

/* Begin PBXSourcesBuildPhase section */
		9CFE4FC6173B50210058FBE9 /* Sources */ = {
			isa = PBXSourcesBuildPhase;
			buildActionMask = 2147483647;
			files = (
				9CFE4FDA173B50210058FBE9 /* main.m in Sources */,
				9CFE4FDE173B50210058FBE9 /* AppDelegate.m in Sources */,
				9CFE4FE7173B50210058FBE9 /* ViewController.m in Sources */,
				9CFE4FF3173B503A0058FBE9 /* DetailViewController.m in Sources */,
				9CFE4FF8173B504D0058FBE9 /* TableViewController.m in Sources */,
			);
			runOnlyForDeploymentPostprocessing = 0;
		};
/* End PBXSourcesBuildPhase section */

/* Begin PBXVariantGroup section */
		9CFE4FD6173B50210058FBE9 /* InfoPlist.strings */ = {
			isa = PBXVariantGroup;
			children = (
				9CFE4FD7173B50210058FBE9 /* en */,
			);
			name = InfoPlist.strings;
			sourceTree = "<group>";
		};
		9CFE4FE8173B50210058FBE9 /* ViewController.xib */ = {
			isa = PBXVariantGroup;
			children = (
				9CFE4FE9173B50210058FBE9 /* en */,
			);
			name = ViewController.xib;
			sourceTree = "<group>";
		};
/* End PBXVariantGroup section */

/* Begin XCBuildConfiguration section */
		9CFE4FEB173B50210058FBE9 /* Debug */ = {
			isa = XCBuildConfiguration;
			buildSettings = {
				ALWAYS_SEARCH_USER_PATHS = NO;
				CLANG_CXX_LANGUAGE_STANDARD = "gnu++0x";
				CLANG_CXX_LIBRARY = "libc++";
				CLANG_WARN_CONSTANT_CONVERSION = YES;
				CLANG_WARN_EMPTY_BODY = YES;
				CLANG_WARN_ENUM_CONVERSION = YES;
				CLANG_WARN_INT_CONVERSION = YES;
				CLANG_WARN__DUPLICATE_METHOD_MATCH = YES;
				"CODE_SIGN_IDENTITY[sdk=iphoneos*]" = "iPhone Developer";
				COPY_PHASE_STRIP = NO;
				GCC_C_LANGUAGE_STANDARD = gnu99;
				GCC_DYNAMIC_NO_PIC = NO;
				GCC_OPTIMIZATION_LEVEL = 0;
				GCC_PREPROCESSOR_DEFINITIONS = (
					"DEBUG=1",
					"$(inherited)",
				);
				GCC_SYMBOLS_PRIVATE_EXTERN = NO;
				GCC_WARN_ABOUT_RETURN_TYPE = YES;
				GCC_WARN_UNINITIALIZED_AUTOS = YES;
				GCC_WARN_UNUSED_VARIABLE = YES;
				IPHONEOS_DEPLOYMENT_TARGET = 6.1;
				ONLY_ACTIVE_ARCH = YES;
				SDKROOT = iphoneos;
			};
			name = Debug;
		};
		9CFE4FEC173B50210058FBE9 /* Release */ = {
			isa = XCBuildConfiguration;
			buildSettings = {
				ALWAYS_SEARCH_USER_PATHS = NO;
				CLANG_CXX_LANGUAGE_STANDARD = "gnu++0x";
				CLANG_CXX_LIBRARY = "libc++";
				CLANG_WARN_CONSTANT_CONVERSION = YES;
				CLANG_WARN_EMPTY_BODY = YES;
				CLANG_WARN_ENUM_CONVERSION = YES;
				CLANG_WARN_INT_CONVERSION = YES;
				CLANG_WARN__DUPLICATE_METHOD_MATCH = YES;
				"CODE_SIGN_IDENTITY[sdk=iphoneos*]" = "iPhone Developer";
				COPY_PHASE_STRIP = YES;
				GCC_C_LANGUAGE_STANDARD = gnu99;
				GCC_WARN_ABOUT_RETURN_TYPE = YES;
				GCC_WARN_UNINITIALIZED_AUTOS = YES;
				GCC_WARN_UNUSED_VARIABLE = YES;
				IPHONEOS_DEPLOYMENT_TARGET = 6.1;
				OTHER_CFLAGS = "-DNS_BLOCK_ASSERTIONS=1";
				SDKROOT = iphoneos;
				VALIDATE_PRODUCT = YES;
			};
			name = Release;
		};
		9CFE4FEE173B50210058FBE9 /* Debug */ = {
			isa = XCBuildConfiguration;
			buildSettings = {
				GCC_PRECOMPILE_PREFIX_HEADER = YES;
				GCC_PREFIX_HEADER = "ToolBox/ToolBox-Prefix.pch";
				INFOPLIST_FILE = "ToolBox/ToolBox-Info.plist";
				PRODUCT_NAME = "$(TARGET_NAME)";
				WRAPPER_EXTENSION = app;
			};
			name = Debug;
		};
		9CFE4FEF173B50210058FBE9 /* Release */ = {
			isa = XCBuildConfiguration;
			buildSettings = {
				GCC_PRECOMPILE_PREFIX_HEADER = YES;
				GCC_PREFIX_HEADER = "ToolBox/ToolBox-Prefix.pch";
				INFOPLIST_FILE = "ToolBox/ToolBox-Info.plist";
				PRODUCT_NAME = "$(TARGET_NAME)";
				WRAPPER_EXTENSION = app;
			};
			name = Release;
		};
/* End XCBuildConfiguration section */

/* Begin XCConfigurationList section */
		9CFE4FC5173B50210058FBE9 /* Build configuration list for PBXProject "ToolBox" */ = {
			isa = XCConfigurationList;
			buildConfigurations = (
				9CFE4FEB173B50210058FBE9 /* Debug */,
				9CFE4FEC173B50210058FBE9 /* Release */,
			);
			defaultConfigurationIsVisible = 0;
			defaultConfigurationName = Release;
		};
		9CFE4FED173B50210058FBE9 /* Build configuration list for PBXNativeTarget "ToolBox" */ = {
			isa = XCConfigurationList;
			buildConfigurations = (
				9CFE4FEE173B50210058FBE9 /* Debug */,
				9CFE4FEF173B50210058FBE9 /* Release */,
			);
			defaultConfigurationIsVisible = 0;
		};
/* End XCConfigurationList section */
	};
	rootObject = 9CFE4FC2173B50210058FBE9 /* Project object */;
}
